
Microsoft Visual Studio Solution File, Format Version 12.00
# Visual Studio Version 16
VisualStudioVersion = 16.0.29905.134
MinimumVisualStudioVersion = 10.0.40219.1
Project("{FAE04EC0-301F-11D3-BF4B-00C04F79EFBC}") = "RiotAPI4NET", "RiotAPI4NET\RiotAPI4NET.csproj", "{A7895CAB-1A31-4186-9252-FCC983C140F1}"
EndProject
Project("{FAE04EC0-301F-11D3-BF4B-00C04F79EFBC}") = "Client", "Client\Client.csproj", "{BF7760B6-1BBD-4E7B-9797-C0CFD46CAC1D}"
EndProject
Global
	GlobalSection(SolutionConfigurationPlatforms) = preSolution
		Debug|Any CPU = Debug|Any CPU
		Release|Any CPU = Release|Any CPU
	EndGlobalSection
	GlobalSection(ProjectConfigurationPlatforms) = postSolution
		{A7895CAB-1A31-4186-9252-FCC983C140F1}.Debug|Any CPU.ActiveCfg = Debug|Any CPU
		{A7895CAB-1A31-4186-9252-FCC983C140F1}.Debug|Any CPU.Build.0 = Debug|Any CPU
		{A7895CAB-1A31-4186-9252-FCC983C140F1}.Release|Any CPU.ActiveCfg = Release|Any CPU
		{A7895CAB-1A31-4186-9252-FCC983C140F1}.Release|Any CPU.Build.0 = Release|Any CPU
		{BF7760B6-1BBD-4E7B-9797-C0CFD46CAC1D}.Debug|Any CPU.ActiveCfg = Debug|Any CPU
		{BF7760B6-1BBD-4E7B-9797-C0CFD46CAC1D}.Debug|Any CPU.Build.0 = Debug|Any CPU
		{BF7760B6-1BBD-4E7B-9797-C0CFD46CAC1D}.Release|Any CPU.ActiveCfg = Release|Any CPU
		{BF7760B6-1BBD-4E7B-9797-C0CFD46CAC1D}.Release|Any CPU.Build.0 = Release|Any CPU
	EndGlobalSection
	GlobalSection(SolutionProperties) = preSolution
		HideSolutionNode = FALSE
	EndGlobalSection
	GlobalSection(ExtensibilityGlobals) = postSolution
		SolutionGuid = {5ADFF086-3F0C-415E-9E2B-F3DC98B5D02A}
	EndGlobalSection
EndGlobal
